// !$*UTF8*$!
{
	archiveVersion = 1;
	classes = {
	};
	objectVersion = 46;
	objects = {

/* Begin PBXBuildFile section */
		68944BC11D8B5A4B007A9FEF /* AppDelegate.swift in Sources */ = {isa = PBXBuildFile; fileRef = 68944BC01D8B5A4B007A9FEF /* AppDelegate.swift */; };
		68944BC31D8B5A4B007A9FEF /* ViewController.swift in Sources */ = {isa = PBXBuildFile; fileRef = 68944BC21D8B5A4B007A9FEF /* ViewController.swift */; };
		68944BC81D8B5A4B007A9FEF /* Assets.xcassets in Resources */ = {isa = PBXBuildFile; fileRef = 68944BC71D8B5A4B007A9FEF /* Assets.xcassets */; };
		68944BCB1D8B5A4B007A9FEF /* LaunchScreen.storyboard in Resources */ = {isa = PBXBuildFile; fileRef = 68944BC91D8B5A4B007A9FEF /* LaunchScreen.storyboard */; };
/* End PBXBuildFile section */

/* Begin PBXFileReference section */
		68944BBD1D8B5A4B007A9FEF /* bounce.app */ = {isa = PBXFileReference; explicitFileType = wrapper.application; includeInIndex = 0; path = bounce.app; sourceTree = BUILT_PRODUCTS_DIR; };
		68944BC01D8B5A4B007A9FEF /* AppDelegate.swift */ = {isa = PBXFileReference; lastKnownFileType = sourcecode.swift; path = AppDelegate.swift; sourceTree = "<group>"; };
		68944BC21D8B5A4B007A9FEF /* ViewController.swift */ = {isa = PBXFileReference; lastKnownFileType = sourcecode.swift; path = ViewController.swift; sourceTree = "<group>"; };
		68944BC71D8B5A4B007A9FEF /* Assets.xcassets */ = {isa = PBXFileReference; lastKnownFileType = folder.assetcatalog; path = Assets.xcassets; sourceTree = "<group>"; };
		68944BCA1D8B5A4B007A9FEF /* Base */ = {isa = PBXFileReference; lastKnownFileType = file.storyboard; name = Base; path = Base.lproj/LaunchScreen.storyboard; sourceTree = "<group>"; };
		68944BCC1D8B5A4B007A9FEF /* Info.plist */ = {isa = PBXFileReference; lastKnownFileType = text.plist.xml; path = Info.plist; sourceTree = "<group>"; };
/* End PBXFileReference section */

/* Begin PBXFrameworksBuildPhase section */
		68944BBA1D8B5A4A007A9FEF /* Frameworks */ = {
			isa = PBXFrameworksBuildPhase;
			buildActionMask = 2147483647;
			files = (
			);
			runOnlyForDeploymentPostprocessing = 0;
		};
/* End PBXFrameworksBuildPhase section */

/* Begin PBXGroup section */
		68944BB41D8B5A4A007A9FEF = {
			isa = PBXGroup;
			children = (
				68944BBF1D8B5A4B007A9FEF /* bounce */,
				68944BBE1D8B5A4B007A9FEF /* Products */,
			);
			sourceTree = "<group>";
		};
		68944BBE1D8B5A4B007A9FEF /* Products */ = {
			isa = PBXGroup;
			children = (
				68944BBD1D8B5A4B007A9FEF /* bounce.app */,
			);
			name = Products;
			sourceTree = "<group>";
		};
		68944BBF1D8B5A4B007A9FEF /* bounce */ = {
			isa = PBXGroup;
			children = (
				68944BC01D8B5A4B007A9FEF /* AppDelegate.swift */,
				68944BC21D8B5A4B007A9FEF /* ViewController.swift */,
				68944BC71D8B5A4B007A9FEF /* Assets.xcassets */,
				68944BC91D8B5A4B007A9FEF /* LaunchScreen.storyboard */,
				68944BCC1D8B5A4B007A9FEF /* Info.plist */,
			);
			path = bounce;
			sourceTree = "<group>";
		};
/* End PBXGroup section */

/* Begin PBXNativeTarget section */
		68944BBC1D8B5A4A007A9FEF /* bounce */ = {
			isa = PBXNativeTarget;
			buildConfigurationList = 68944BCF1D8B5A4B007A9FEF /* Build configuration list for PBXNativeTarget "bounce" */;
			buildPhases = (
				68944BB91D8B5A4A007A9FEF /* Sources */,
				68944BBA1D8B5A4A007A9FEF /* Frameworks */,
				68944BBB1D8B5A4A007A9FEF /* Resources */,
			);
			buildRules = (
			);
			dependencies = (
			);
			name = bounce;
			productName = bounce;
			productReference = 68944BBD1D8B5A4B007A9FEF /* bounce.app */;
			productType = "com.apple.product-type.application";
		};
/* End PBXNativeTarget section */

/* Begin PBXProject section */
		68944BB51D8B5A4A007A9FEF /* Project object */ = {
			isa = PBXProject;
			attributes = {
				LastSwiftUpdateCheck = 0800;
				LastUpgradeCheck = 0800;
				ORGANIZATIONNAME = "Milton and Parc";
				TargetAttributes = {
					68944BBC1D8B5A4A007A9FEF = {
						CreatedOnToolsVersion = 8.0;
						DevelopmentTeam = PRZU7H23QD;
						ProvisioningStyle = Automatic;
					};
				};
			};
			buildConfigurationList = 68944BB81D8B5A4A007A9FEF /* Build configuration list for PBXProject "bounce" */;
			compatibilityVersion = "Xcode 3.2";
			developmentRegion = English;
			hasScannedForEncodings = 0;
			knownRegions = (
				en,
				Base,
			);
			mainGroup = 68944BB41D8B5A4A007A9FEF;
			productRefGroup = 68944BBE1D8B5A4B007A9FEF /* Products */;
			projectDirPath = "";
			projectRoot = "";
			targets = (
				68944BBC1D8B5A4A007A9FEF /* bounce */,
			);
		};
/* End PBXProject section */

/* Begin PBXResourcesBuildPhase section */
		68944BBB1D8B5A4A007A9FEF /* Resources */ = {
			isa = PBXResourcesBuildPhase;
			buildActionMask = 2147483647;
			files = (
				68944BCB1D8B5A4B007A9FEF /* LaunchScreen.storyboard in Resources */,
				68944BC81D8B5A4B007A9FEF /* Assets.xcassets in Resources */,
			);
			runOnlyForDeploymentPostprocessing = 0;
		};
/* End PBXResourcesBuildPhase section */

/* Begin PBXSourcesBuildPhase section */
		68944BB91D8B5A4A007A9FEF /* Sources */ = {
			isa = PBXSourcesBuildPhase;
			buildActionMask = 2147483647;
			files = (
				68944BC31D8B5A4B007A9FEF /* ViewController.swift in Sources */,
				68944BC11D8B5A4B007A9FEF /* AppDelegate.swift in Sources */,
			);
			runOnlyForDeploymentPostprocessing = 0;
		};
/* End PBXSourcesBuildPhase section */

/* Begin PBXVariantGroup section */
		68944BC91D8B5A4B007A9FEF /* LaunchScreen.storyboard */ = {
			isa = PBXVariantGroup;
			children = (
				68944BCA1D8B5A4B007A9FEF /* Base */,
			);
			name = LaunchScreen.storyboard;
			sourceTree = "<group>";
		};
/* End PBXVariantGroup section */

/* Begin XCBuildConfiguration section */
		68944BCD1D8B5A4B007A9FEF /* Debug */ = {
			isa = XCBuildConfiguration;
			buildSettings = {
				ALWAYS_SEARCH_USER_PATHS = NO;
				CLANG_ANALYZER_NONNULL = YES;
				CLANG_CXX_LANGUAGE_STANDARD = "gnu++0x";
				CLANG_CXX_LIBRARY = "libc++";
				CLANG_ENABLE_MODULES = YES;
				CLANG_ENABLE_OBJC_ARC = YES;
				CLANG_WARN_BOOL_CONVERSION = YES;
				CLANG_WARN_CONSTANT_CONVERSION = YES;
				CLANG_WARN_DIRECT_OBJC_ISA_USAGE = YES_ERROR;
				CLANG_WARN_DOCUMENTATION_COMMENTS = YES;
				CLANG_WARN_EMPTY_BODY = YES;
				CLANG_WARN_ENUM_CONVERSION = YES;
				CLANG_WARN_INFINITE_RECURSION = YES;
				CLANG_WARN_INT_CONVERSION = YES;
				CLANG_WARN_OBJC_ROOT_CLASS = YES_ERROR;
				CLANG_WARN_SUSPICIOUS_MOVES = YES;
				CLANG_WARN_UNREACHABLE_CODE = YES;
				CLANG_WARN__DUPLICATE_METHOD_MATCH = YES;
				"CODE_SIGN_IDENTITY[sdk=iphoneos*]" = "iPhone Developer";
				COPY_PHASE_STRIP = NO;
				DEBUG_INFORMATION_FORMAT = dwarf;
				ENABLE_STRICT_OBJC_MSGSEND = YES;
				ENABLE_TESTABILITY = YES;
				GCC_C_LANGUAGE_STANDARD = gnu99;
				GCC_DYNAMIC_NO_PIC = NO;
				GCC_NO_COMMON_BLOCKS = YES;
				GCC_OPTIMIZATION_LEVEL = 0;
				GCC_PREPROCESSOR_DEFINITIONS = (
					"DEBUG=1",
					"$(inherited)",
				);
				GCC_WARN_64_TO_32_BIT_CONVERSION = YES;
				GCC_WARN_ABOUT_RETURN_TYPE = YES_ERROR;
				GCC_WARN_UNDECLARED_SELECTOR = YES;
				GCC_WARN_UNINITIALIZED_AUTOS = YES_AGGRESSIVE;
				GCC_WARN_UNUSED_FUNCTION = YES;
				GCC_WARN_UNUSED_VARIABLE = YES;
				IPHONEOS_DEPLOYMENT_TARGET = 10.0;
				MTL_ENABLE_DEBUG_INFO = YES;
				ONLY_ACTIVE_ARCH = YES;
				SDKROOT = iphoneos;
				SWIFT_ACTIVE_COMPILATION_CONDITIONS = DEBUG;
				SWIFT_OPTIMIZATION_LEVEL = "-Onone";
			};
			name = Debug;
		};
		68944BCE1D8B5A4B007A9FEF /* Release */ = {
			isa = XCBuildConfiguration;
			buildSettings = {
				ALWAYS_SEARCH_USER_PATHS = NO;
				CLANG_ANALYZER_NONNULL = YES;
				CLANG_CXX_LANGUAGE_STANDARD = "gnu++0x";
				CLANG_CXX_LIBRARY = "libc++";
				CLANG_ENABLE_MODULES = YES;
				CLANG_ENABLE_OBJC_ARC = YES;
				CLANG_WARN_BOOL_CONVERSION = YES;
				CLANG_WARN_CONSTANT_CONVERSION = YES;
				CLANG_WARN_DIRECT_OBJC_ISA_USAGE = YES_ERROR;
				CLANG_WARN_DOCUMENTATION_COMMENTS = YES;
				CLANG_WARN_EMPTY_BODY = YES;
				CLANG_WARN_ENUM_CONVERSION = YES;
				CLANG_WARN_INFINITE_RECURSION = YES;
				CLANG_WARN_INT_CONVERSION = YES;
				CLANG_WARN_OBJC_ROOT_CLASS = YES_ERROR;
				CLANG_WARN_SUSPICIOUS_MOVES = YES;
				CLANG_WARN_UNREACHABLE_CODE = YES;
				CLANG_WARN__DUPLICATE_METHOD_MATCH = YES;
				"CODE_SIGN_IDENTITY[sdk=iphoneos*]" = "iPhone Developer";
				COPY_PHASE_STRIP = NO;
				DEBUG_INFORMATION_FORMAT = "dwarf-with-dsym";
				ENABLE_NS_ASSERTIONS = NO;
				ENABLE_STRICT_OBJC_MSGSEND = YES;
				GCC_C_LANGUAGE_STANDARD = gnu99;
				GCC_NO_COMMON_BLOCKS = YES;
				GCC_WARN_64_TO_32_BIT_CONVERSION = YES;
				GCC_WARN_ABOUT_RETURN_TYPE = YES_ERROR;
				GCC_WARN_UNDECLARED_SELECTOR = YES;
				GCC_WARN_UNINITIALIZED_AUTOS = YES_AGGRESSIVE;
				GCC_WARN_UNUSED_FUNCTION = YES;
				GCC_WARN_UNUSED_VARIABLE = YES;
				IPHONEOS_DEPLOYMENT_TARGET = 10.0;
				MTL_ENABLE_DEBUG_INFO = NO;
				SDKROOT = iphoneos;
				SWIFT_OPTIMIZATION_LEVEL = "-Owholemodule";
				VALIDATE_PRODUCT = YES;
			};
			name = Release;
		};
		68944BD01D8B5A4B007A9FEF /* Debug */ = {
			isa = XCBuildConfiguration;
			buildSettings = {
				ASSETCATALOG_COMPILER_APPICON_NAME = AppIcon;
				DEVELOPMENT_TEAM = PRZU7H23QD;
				INFOPLIST_FILE = bounce/Info.plist;
				LD_RUNPATH_SEARCH_PATHS = "$(inherited) @executable_path/Frameworks";
				PRODUCT_BUNDLE_IDENTIFIER = com.miltonandparc.bounce;
				PRODUCT_NAME = "$(TARGET_NAME)";
				SWIFT_VERSION = 3.0;
			};
			name = Debug;
		};
		68944BD11D8B5A4B007A9FEF /* Release */ = {
			isa = XCBuildConfiguration;
			buildSettings = {
				ASSETCATALOG_COMPILER_APPICON_NAME = AppIcon;
				DEVELOPMENT_TEAM = PRZU7H23QD;
				INFOPLIST_FILE = bounce/Info.plist;
				LD_RUNPATH_SEARCH_PATHS = "$(inherited) @executable_path/Frameworks";
				PRODUCT_BUNDLE_IDENTIFIER = com.miltonandparc.bounce;
				PRODUCT_NAME = "$(TARGET_NAME)";
				SWIFT_VERSION = 3.0;
			};
			name = Release;
		};
/* End XCBuildConfiguration section */

/* Begin XCConfigurationList section */
		68944BB81D8B5A4A007A9FEF /* Build configuration list for PBXProject "bounce" */ = {
			isa = XCConfigurationList;
			buildConfigurations = (
				68944BCD1D8B5A4B007A9FEF /* Debug */,
				68944BCE1D8B5A4B007A9FEF /* Release */,
			);
			defaultConfigurationIsVisible = 0;
			defaultConfigurationName = Release;
		};
		68944BCF1D8B5A4B007A9FEF /* Build configuration list for PBXNativeTarget "bounce" */ = {
			isa = XCConfigurationList;
			buildConfigurations = (
				68944BD01D8B5A4B007A9FEF /* Debug */,
				68944BD11D8B5A4B007A9FEF /* Release */,
			);
			defaultConfigurationIsVisible = 0;
			defaultConfigurationName = Release;
		};
/* End XCConfigurationList section */
	};
	rootObject = 68944BB51D8B5A4A007A9FEF /* Project object */;
}
